// !$*UTF8*$!
{
	archiveVersion = 1;
	classes = {
	};
	objectVersion = 77;
	objects = {

/* Begin PBXContainerItemProxy section */
		A5E6CF3C2DBBF79C00CCA3A8 /* PBXContainerItemProxy */ = {
			isa = PBXContainerItemProxy;
			containerPortal = A5E6CF252DBBF79B00CCA3A8 /* Project object */;
			proxyType = 1;
			remoteGlobalIDString = A5E6CF2C2DBBF79B00CCA3A8;
			remoteInfo = "deer-mouse";
		};
		A5E6CF462DBBF79C00CCA3A8 /* PBXContainerItemProxy */ = {
			isa = PBXContainerItemProxy;
			containerPortal = A5E6CF252DBBF79B00CCA3A8 /* Project object */;
			proxyType = 1;
			remoteGlobalIDString = A5E6CF2C2DBBF79B00CCA3A8;
			remoteInfo = "deer-mouse";
		};
/* End PBXContainerItemProxy section */

/* Begin PBXFileReference section */
		A5E6CF2D2DBBF79B00CCA3A8 /* deer-mouse.app */ = {isa = PBXFileReference; explicitFileType = wrapper.application; includeInIndex = 0; path = "deer-mouse.app"; sourceTree = BUILT_PRODUCTS_DIR; };
		A5E6CF3B2DBBF79C00CCA3A8 /* deer-mouseTests.xctest */ = {isa = PBXFileReference; explicitFileType = wrapper.cfbundle; includeInIndex = 0; path = "deer-mouseTests.xctest"; sourceTree = BUILT_PRODUCTS_DIR; };
		A5E6CF452DBBF79C00CCA3A8 /* deer-mouseUITests.xctest */ = {isa = PBXFileReference; explicitFileType = wrapper.cfbundle; includeInIndex = 0; path = "deer-mouseUITests.xctest"; sourceTree = BUILT_PRODUCTS_DIR; };
/* End PBXFileReference section */

/* Begin PBXFileSystemSynchronizedBuildFileExceptionSet section */
		A59F00B92DBBFEAD0026D472 /* Exceptions for "deer-mouse" folder in "deer-mouse" target */ = {
			isa = PBXFileSystemSynchronizedBuildFileExceptionSet;
			membershipExceptions = (
				Info.plist,
			);
			target = A5E6CF2C2DBBF79B00CCA3A8 /* deer-mouse */;
		};
/* End PBXFileSystemSynchronizedBuildFileExceptionSet section */

/* Begin PBXFileSystemSynchronizedRootGroup section */
		A5E6CF2F2DBBF79B00CCA3A8 /* deer-mouse */ = {
			isa = PBXFileSystemSynchronizedRootGroup;
			exceptions = (
				A59F00B92DBBFEAD0026D472 /* Exceptions for "deer-mouse" folder in "deer-mouse" target */,
			);
			path = "deer-mouse";
			sourceTree = "<group>";
		};
		A5E6CF3E2DBBF79C00CCA3A8 /* deer-mouseTests */ = {
			isa = PBXFileSystemSynchronizedRootGroup;
			path = "deer-mouseTests";
			sourceTree = "<group>";
		};
		A5E6CF482DBBF79C00CCA3A8 /* deer-mouseUITests */ = {
			isa = PBXFileSystemSynchronizedRootGroup;
			path = "deer-mouseUITests";
			sourceTree = "<group>";
		};
/* End PBXFileSystemSynchronizedRootGroup section */

/* Begin PBXFrameworksBuildPhase section */
		A5E6CF2A2DBBF79B00CCA3A8 /* Frameworks */ = {
			isa = PBXFrameworksBuildPhase;
			buildActionMask = 2147483647;
			files = (
			);
			runOnlyForDeploymentPostprocessing = 0;
		};
		A5E6CF382DBBF79C00CCA3A8 /* Frameworks */ = {
			isa = PBXFrameworksBuildPhase;
			buildActionMask = 2147483647;
			files = (
			);
			runOnlyForDeploymentPostprocessing = 0;
		};
		A5E6CF422DBBF79C00CCA3A8 /* Frameworks */ = {
			isa = PBXFrameworksBuildPhase;
			buildActionMask = 2147483647;
			files = (
			);
			runOnlyForDeploymentPostprocessing = 0;
		};
/* End PBXFrameworksBuildPhase section */

/* Begin PBXGroup section */
		A5E6CF242DBBF79B00CCA3A8 = {
			isa = PBXGroup;
			children = (
				A5E6CF2F2DBBF79B00CCA3A8 /* deer-mouse */,
				A5E6CF3E2DBBF79C00CCA3A8 /* deer-mouseTests */,
				A5E6CF482DBBF79C00CCA3A8 /* deer-mouseUITests */,
				A5E6CF2E2DBBF79B00CCA3A8 /* Products */,
			);
			sourceTree = "<group>";
		};
		A5E6CF2E2DBBF79B00CCA3A8 /* Products */ = {
			isa = PBXGroup;
			children = (
				A5E6CF2D2DBBF79B00CCA3A8 /* deer-mouse.app */,
				A5E6CF3B2DBBF79C00CCA3A8 /* deer-mouseTests.xctest */,
				A5E6CF452DBBF79C00CCA3A8 /* deer-mouseUITests.xctest */,
			);
			name = Products;
			sourceTree = "<group>";
		};
/* End PBXGroup section */

/* Begin PBXNativeTarget section */
		A5E6CF2C2DBBF79B00CCA3A8 /* deer-mouse */ = {
			isa = PBXNativeTarget;
			buildConfigurationList = A5E6CF4F2DBBF79C00CCA3A8 /* Build configuration list for PBXNativeTarget "deer-mouse" */;
			buildPhases = (
				A5E6CF292DBBF79B00CCA3A8 /* Sources */,
				A5E6CF2A2DBBF79B00CCA3A8 /* Frameworks */,
				A5E6CF2B2DBBF79B00CCA3A8 /* Resources */,
			);
			buildRules = (
			);
			dependencies = (
			);
			fileSystemSynchronizedGroups = (
				A5E6CF2F2DBBF79B00CCA3A8 /* deer-mouse */,
			);
			name = "deer-mouse";
			packageProductDependencies = (
			);
			productName = "deer-mouse";
			productReference = A5E6CF2D2DBBF79B00CCA3A8 /* deer-mouse.app */;
			productType = "com.apple.product-type.application";
		};
		A5E6CF3A2DBBF79C00CCA3A8 /* deer-mouseTests */ = {
			isa = PBXNativeTarget;
			buildConfigurationList = A5E6CF522DBBF79C00CCA3A8 /* Build configuration list for PBXNativeTarget "deer-mouseTests" */;
			buildPhases = (
				A5E6CF372DBBF79C00CCA3A8 /* Sources */,
				A5E6CF382DBBF79C00CCA3A8 /* Frameworks */,
				A5E6CF392DBBF79C00CCA3A8 /* Resources */,
			);
			buildRules = (
			);
			dependencies = (
				A5E6CF3D2DBBF79C00CCA3A8 /* PBXTargetDependency */,
			);
			fileSystemSynchronizedGroups = (
				A5E6CF3E2DBBF79C00CCA3A8 /* deer-mouseTests */,
			);
			name = "deer-mouseTests";
			packageProductDependencies = (
			);
			productName = "deer-mouseTests";
			productReference = A5E6CF3B2DBBF79C00CCA3A8 /* deer-mouseTests.xctest */;
			productType = "com.apple.product-type.bundle.unit-test";
		};
		A5E6CF442DBBF79C00CCA3A8 /* deer-mouseUITests */ = {
			isa = PBXNativeTarget;
			buildConfigurationList = A5E6CF552DBBF79C00CCA3A8 /* Build configuration list for PBXNativeTarget "deer-mouseUITests" */;
			buildPhases = (
				A5E6CF412DBBF79C00CCA3A8 /* Sources */,
				A5E6CF422DBBF79C00CCA3A8 /* Frameworks */,
				A5E6CF432DBBF79C00CCA3A8 /* Resources */,
			);
			buildRules = (
			);
			dependencies = (
				A5E6CF472DBBF79C00CCA3A8 /* PBXTargetDependency */,
			);
			fileSystemSynchronizedGroups = (
				A5E6CF482DBBF79C00CCA3A8 /* deer-mouseUITests */,
			);
			name = "deer-mouseUITests";
			packageProductDependencies = (
			);
			productName = "deer-mouseUITests";
			productReference = A5E6CF452DBBF79C00CCA3A8 /* deer-mouseUITests.xctest */;
			productType = "com.apple.product-type.bundle.ui-testing";
		};
/* End PBXNativeTarget section */

/* Begin PBXProject section */
		A5E6CF252DBBF79B00CCA3A8 /* Project object */ = {
			isa = PBXProject;
			attributes = {
				BuildIndependentTargetsInParallel = 1;
				LastSwiftUpdateCheck = 1630;
				LastUpgradeCheck = 1630;
				TargetAttributes = {
					A5E6CF2C2DBBF79B00CCA3A8 = {
						CreatedOnToolsVersion = 16.3;
					};
					A5E6CF3A2DBBF79C00CCA3A8 = {
						CreatedOnToolsVersion = 16.3;
						TestTargetID = A5E6CF2C2DBBF79B00CCA3A8;
					};
					A5E6CF442DBBF79C00CCA3A8 = {
						CreatedOnToolsVersion = 16.3;
						TestTargetID = A5E6CF2C2DBBF79B00CCA3A8;
					};
				};
			};
			buildConfigurationList = A5E6CF282DBBF79B00CCA3A8 /* Build configuration list for PBXProject "deer-mouse" */;
			developmentRegion = en;
			hasScannedForEncodings = 0;
			knownRegions = (
				en,
				Base,
			);
			mainGroup = A5E6CF242DBBF79B00CCA3A8;
			minimizedProjectReferenceProxies = 1;
			preferredProjectObjectVersion = 77;
			productRefGroup = A5E6CF2E2DBBF79B00CCA3A8 /* Products */;
			projectDirPath = "";
			projectRoot = "";
			targets = (
				A5E6CF2C2DBBF79B00CCA3A8 /* deer-mouse */,
				A5E6CF3A2DBBF79C00CCA3A8 /* deer-mouseTests */,
				A5E6CF442DBBF79C00CCA3A8 /* deer-mouseUITests */,
			);
		};
/* End PBXProject section */

/* Begin PBXResourcesBuildPhase section */
		A5E6CF2B2DBBF79B00CCA3A8 /* Resources */ = {
			isa = PBXResourcesBuildPhase;
			buildActionMask = 2147483647;
			files = (
			);
			runOnlyForDeploymentPostprocessing = 0;
		};
		A5E6CF392DBBF79C00CCA3A8 /* Resources */ = {
			isa = PBXResourcesBuildPhase;
			buildActionMask = 2147483647;
			files = (
			);
			runOnlyForDeploymentPostprocessing = 0;
		};
		A5E6CF432DBBF79C00CCA3A8 /* Resources */ = {
			isa = PBXResourcesBuildPhase;
			buildActionMask = 2147483647;
			files = (
			);
			runOnlyForDeploymentPostprocessing = 0;
		};
/* End PBXResourcesBuildPhase section */

/* Begin PBXSourcesBuildPhase section */
		A5E6CF292DBBF79B00CCA3A8 /* Sources */ = {
			isa = PBXSourcesBuildPhase;
			buildActionMask = 2147483647;
			files = (
			);
			runOnlyForDeploymentPostprocessing = 0;
		};
		A5E6CF372DBBF79C00CCA3A8 /* Sources */ = {
			isa = PBXSourcesBuildPhase;
			buildActionMask = 2147483647;
			files = (
			);
			runOnlyForDeploymentPostprocessing = 0;
		};
		A5E6CF412DBBF79C00CCA3A8 /* Sources */ = {
			isa = PBXSourcesBuildPhase;
			buildActionMask = 2147483647;
			files = (
			);
			runOnlyForDeploymentPostprocessing = 0;
		};
/* End PBXSourcesBuildPhase section */

/* Begin PBXTargetDependency section */
		A5E6CF3D2DBBF79C00CCA3A8 /* PBXTargetDependency */ = {
			isa = PBXTargetDependency;
			target = A5E6CF2C2DBBF79B00CCA3A8 /* deer-mouse */;
			targetProxy = A5E6CF3C2DBBF79C00CCA3A8 /* PBXContainerItemProxy */;
		};
		A5E6CF472DBBF79C00CCA3A8 /* PBXTargetDependency */ = {
			isa = PBXTargetDependency;
			target = A5E6CF2C2DBBF79B00CCA3A8 /* deer-mouse */;
			targetProxy = A5E6CF462DBBF79C00CCA3A8 /* PBXContainerItemProxy */;
		};
/* End PBXTargetDependency section */

/* Begin XCBuildConfiguration section */
		A5E6CF4D2DBBF79C00CCA3A8 /* Debug */ = {
			isa = XCBuildConfiguration;
			buildSettings = {
				ALWAYS_SEARCH_USER_PATHS = NO;
				ASSETCATALOG_COMPILER_GENERATE_SWIFT_ASSET_SYMBOL_EXTENSIONS = YES;
				CLANG_ANALYZER_NONNULL = YES;
				CLANG_ANALYZER_NUMBER_OBJECT_CONVERSION = YES_AGGRESSIVE;
				CLANG_CXX_LANGUAGE_STANDARD = "gnu++20";
				CLANG_ENABLE_MODULES = YES;
				CLANG_ENABLE_OBJC_ARC = YES;
				CLANG_ENABLE_OBJC_WEAK = YES;
				CLANG_WARN_BLOCK_CAPTURE_AUTORELEASING = YES;
				CLANG_WARN_BOOL_CONVERSION = YES;
				CLANG_WARN_COMMA = YES;
				CLANG_WARN_CONSTANT_CONVERSION = YES;
				CLANG_WARN_DEPRECATED_OBJC_IMPLEMENTATIONS = YES;
				CLANG_WARN_DIRECT_OBJC_ISA_USAGE = YES_ERROR;
				CLANG_WARN_DOCUMENTATION_COMMENTS = YES;
				CLANG_WARN_EMPTY_BODY = YES;
				CLANG_WARN_ENUM_CONVERSION = YES;
				CLANG_WARN_INFINITE_RECURSION = YES;
				CLANG_WARN_INT_CONVERSION = YES;
				CLANG_WARN_NON_LITERAL_NULL_CONVERSION = YES;
				CLANG_WARN_OBJC_IMPLICIT_RETAIN_SELF = YES;
				CLANG_WARN_OBJC_LITERAL_CONVERSION = YES;
				CLANG_WARN_OBJC_ROOT_CLASS = YES_ERROR;
				CLANG_WARN_QUOTED_INCLUDE_IN_FRAMEWORK_HEADER = YES;
				CLANG_WARN_RANGE_LOOP_ANALYSIS = YES;
				CLANG_WARN_STRICT_PROTOTYPES = YES;
				CLANG_WARN_SUSPICIOUS_MOVE = YES;
				CLANG_WARN_UNGUARDED_AVAILABILITY = YES_AGGRESSIVE;
				CLANG_WARN_UNREACHABLE_CODE = YES;
				CLANG_WARN__DUPLICATE_METHOD_MATCH = YES;
				COPY_PHASE_STRIP = NO;
				DEBUG_INFORMATION_FORMAT = dwarf;
				ENABLE_STRICT_OBJC_MSGSEND = YES;
				ENABLE_TESTABILITY = YES;
				ENABLE_USER_SCRIPT_SANDBOXING = YES;
				GCC_C_LANGUAGE_STANDARD = gnu17;
				GCC_DYNAMIC_NO_PIC = NO;
				GCC_NO_COMMON_BLOCKS = YES;
				GCC_OPTIMIZATION_LEVEL = 0;
				GCC_PREPROCESSOR_DEFINITIONS = (
					"DEBUG=1",
					"$(inherited)",
				);
				GCC_WARN_64_TO_32_BIT_CONVERSION = YES;
				GCC_WARN_ABOUT_RETURN_TYPE = YES_ERROR;
				GCC_WARN_UNDECLARED_SELECTOR = YES;
				GCC_WARN_UNINITIALIZED_AUTOS = YES_AGGRESSIVE;
				GCC_WARN_UNUSED_FUNCTION = YES;
				GCC_WARN_UNUSED_VARIABLE = YES;
				LOCALIZATION_PREFERS_STRING_CATALOGS = YES;
				MACOSX_DEPLOYMENT_TARGET = 15.3;
				MTL_ENABLE_DEBUG_INFO = INCLUDE_SOURCE;
				MTL_FAST_MATH = YES;
				ONLY_ACTIVE_ARCH = YES;
				SDKROOT = macosx;
				SWIFT_ACTIVE_COMPILATION_CONDITIONS = "DEBUG $(inherited)";
				SWIFT_OPTIMIZATION_LEVEL = "-Onone";
			};
			name = Debug;
		};
		A5E6CF4E2DBBF79C00CCA3A8 /* Release */ = {
			isa = XCBuildConfiguration;
			buildSettings = {
				ALWAYS_SEARCH_USER_PATHS = NO;
				ASSETCATALOG_COMPILER_GENERATE_SWIFT_ASSET_SYMBOL_EXTENSIONS = YES;
				CLANG_ANALYZER_NONNULL = YES;
				CLANG_ANALYZER_NUMBER_OBJECT_CONVERSION = YES_AGGRESSIVE;
				CLANG_CXX_LANGUAGE_STANDARD = "gnu++20";
				CLANG_ENABLE_MODULES = YES;
				CLANG_ENABLE_OBJC_ARC = YES;
				CLANG_ENABLE_OBJC_WEAK = YES;
				CLANG_WARN_BLOCK_CAPTURE_AUTORELEASING = YES;
				CLANG_WARN_BOOL_CONVERSION = YES;
				CLANG_WARN_COMMA = YES;
				CLANG_WARN_CONSTANT_CONVERSION = YES;
				CLANG_WARN_DEPRECATED_OBJC_IMPLEMENTATIONS = YES;
				CLANG_WARN_DIRECT_OBJC_ISA_USAGE = YES_ERROR;
				CLANG_WARN_DOCUMENTATION_COMMENTS = YES;
				CLANG_WARN_EMPTY_BODY = YES;
				CLANG_WARN_ENUM_CONVERSION = YES;
				CLANG_WARN_INFINITE_RECURSION = YES;
				CLANG_WARN_INT_CONVERSION = YES;
				CLANG_WARN_NON_LITERAL_NULL_CONVERSION = YES;
				CLANG_WARN_OBJC_IMPLICIT_RETAIN_SELF = YES;
				CLANG_WARN_OBJC_LITERAL_CONVERSION = YES;
				CLANG_WARN_OBJC_ROOT_CLASS = YES_ERROR;
				CLANG_WARN_QUOTED_INCLUDE_IN_FRAMEWORK_HEADER = YES;
				CLANG_WARN_RANGE_LOOP_ANALYSIS = YES;
				CLANG_WARN_STRICT_PROTOTYPES = YES;
				CLANG_WARN_SUSPICIOUS_MOVE = YES;
				CLANG_WARN_UNGUARDED_AVAILABILITY = YES_AGGRESSIVE;
				CLANG_WARN_UNREACHABLE_CODE = YES;
				CLANG_WARN__DUPLICATE_METHOD_MATCH = YES;
				COPY_PHASE_STRIP = NO;
				DEBUG_INFORMATION_FORMAT = "dwarf-with-dsym";
				ENABLE_NS_ASSERTIONS = NO;
				ENABLE_STRICT_OBJC_MSGSEND = YES;
				ENABLE_USER_SCRIPT_SANDBOXING = YES;
				GCC_C_LANGUAGE_STANDARD = gnu17;
				GCC_NO_COMMON_BLOCKS = YES;
				GCC_WARN_64_TO_32_BIT_CONVERSION = YES;
				GCC_WARN_ABOUT_RETURN_TYPE = YES_ERROR;
				GCC_WARN_UNDECLARED_SELECTOR = YES;
				GCC_WARN_UNINITIALIZED_AUTOS = YES_AGGRESSIVE;
				GCC_WARN_UNUSED_FUNCTION = YES;
				GCC_WARN_UNUSED_VARIABLE = YES;
				LOCALIZATION_PREFERS_STRING_CATALOGS = YES;
				MACOSX_DEPLOYMENT_TARGET = 15.3;
				MTL_ENABLE_DEBUG_INFO = NO;
				MTL_FAST_MATH = YES;
				SDKROOT = macosx;
				SWIFT_COMPILATION_MODE = wholemodule;
			};
			name = Release;
		};
		A5E6CF502DBBF79C00CCA3A8 /* Debug */ = {
			isa = XCBuildConfiguration;
			buildSettings = {
				ASSETCATALOG_COMPILER_APPICON_NAME = AppIcon;
				ASSETCATALOG_COMPILER_GLOBAL_ACCENT_COLOR_NAME = AccentColor;
				CODE_SIGN_ENTITLEMENTS = "deer-mouse/deer_mouse.entitlements";
				CODE_SIGN_STYLE = Automatic;
				COMBINE_HIDPI_IMAGES = YES;
				CURRENT_PROJECT_VERSION = 1;
				ENABLE_PREVIEWS = YES;
				GENERATE_INFOPLIST_FILE = YES;
				INFOPLIST_FILE = "deer-mouse/Info.plist";
				INFOPLIST_KEY_NSCameraUsageDescription = "This app uses the camera to track eye movements for mouse control.";
				INFOPLIST_KEY_NSHumanReadableCopyright = "";
				LD_RUNPATH_SEARCH_PATHS = (
					"$(inherited)",
					"@executable_path/../Frameworks",
				);
				MARKETING_VERSION = 1.0;
				PRODUCT_BUNDLE_IDENTIFIER = "com.jesusla.deer-mouse";
				PRODUCT_NAME = "$(TARGET_NAME)";
				REGISTER_APP_GROUPS = YES;
				SWIFT_EMIT_LOC_STRINGS = YES;
				SWIFT_VERSION = 5.0;
			};
			name = Debug;
		};
		A5E6CF512DBBF79C00CCA3A8 /* Release */ = {
			isa = XCBuildConfiguration;
			buildSettings = {
				ASSETCATALOG_COMPILER_APPICON_NAME = AppIcon;
				ASSETCATALOG_COMPILER_GLOBAL_ACCENT_COLOR_NAME = AccentColor;
				CODE_SIGN_ENTITLEMENTS = "deer-mouse/deer_mouse.entitlements";
				CODE_SIGN_STYLE = Automatic;
				COMBINE_HIDPI_IMAGES = YES;
				CURRENT_PROJECT_VERSION = 1;
				ENABLE_PREVIEWS = YES;
				GENERATE_INFOPLIST_FILE = YES;
				INFOPLIST_FILE = "deer-mouse/Info.plist";
				INFOPLIST_KEY_NSCameraUsageDescription = "This app uses the camera to track eye movements for mouse control.";
				INFOPLIST_KEY_NSHumanReadableCopyright = "";
				LD_RUNPATH_SEARCH_PATHS = (
					"$(inherited)",
					"@executable_path/../Frameworks",
				);
				MARKETING_VERSION = 1.0;
				PRODUCT_BUNDLE_IDENTIFIER = "com.jesusla.deer-mouse";
				PRODUCT_NAME = "$(TARGET_NAME)";
				REGISTER_APP_GROUPS = YES;
				SWIFT_EMIT_LOC_STRINGS = YES;
				SWIFT_VERSION = 5.0;
			};
			name = Release;
		};
		A5E6CF532DBBF79C00CCA3A8 /* Debug */ = {
			isa = XCBuildConfiguration;
			buildSettings = {
				BUNDLE_LOADER = "$(TEST_HOST)";
				CODE_SIGN_STYLE = Automatic;
				CURRENT_PROJECT_VERSION = 1;
				GENERATE_INFOPLIST_FILE = YES;
				MACOSX_DEPLOYMENT_TARGET = 15.3;
				MARKETING_VERSION = 1.0;
				PRODUCT_BUNDLE_IDENTIFIER = "com.jesusla.deer-mouseTests";
				PRODUCT_NAME = "$(TARGET_NAME)";
				SWIFT_EMIT_LOC_STRINGS = NO;
				SWIFT_VERSION = 5.0;
				TEST_HOST = "$(BUILT_PRODUCTS_DIR)/deer-mouse.app/$(BUNDLE_EXECUTABLE_FOLDER_PATH)/deer-mouse";
			};
			name = Debug;
		};
		A5E6CF542DBBF79C00CCA3A8 /* Release */ = {
			isa = XCBuildConfiguration;
			buildSettings = {
				BUNDLE_LOADER = "$(TEST_HOST)";
				CODE_SIGN_STYLE = Automatic;
				CURRENT_PROJECT_VERSION = 1;
				GENERATE_INFOPLIST_FILE = YES;
				MACOSX_DEPLOYMENT_TARGET = 15.3;
				MARKETING_VERSION = 1.0;
				PRODUCT_BUNDLE_IDENTIFIER = "com.jesusla.deer-mouseTests";
				PRODUCT_NAME = "$(TARGET_NAME)";
				SWIFT_EMIT_LOC_STRINGS = NO;
				SWIFT_VERSION = 5.0;
				TEST_HOST = "$(BUILT_PRODUCTS_DIR)/deer-mouse.app/$(BUNDLE_EXECUTABLE_FOLDER_PATH)/deer-mouse";
			};
			name = Release;
		};
		A5E6CF562DBBF79C00CCA3A8 /* Debug */ = {
			isa = XCBuildConfiguration;
			buildSettings = {
				CODE_SIGN_STYLE = Automatic;
				CURRENT_PROJECT_VERSION = 1;
				GENERATE_INFOPLIST_FILE = YES;
				MARKETING_VERSION = 1.0;
				PRODUCT_BUNDLE_IDENTIFIER = "com.jesusla.deer-mouseUITests";
				PRODUCT_NAME = "$(TARGET_NAME)";
				SWIFT_EMIT_LOC_STRINGS = NO;
				SWIFT_VERSION = 5.0;
				TEST_TARGET_NAME = "deer-mouse";
			};
			name = Debug;
		};
		A5E6CF572DBBF79C00CCA3A8 /* Release */ = {
			isa = XCBuildConfiguration;
			buildSettings = {
				CODE_SIGN_STYLE = Automatic;
				CURRENT_PROJECT_VERSION = 1;
				GENERATE_INFOPLIST_FILE = YES;
				MARKETING_VERSION = 1.0;
				PRODUCT_BUNDLE_IDENTIFIER = "com.jesusla.deer-mouseUITests";
				PRODUCT_NAME = "$(TARGET_NAME)";
				SWIFT_EMIT_LOC_STRINGS = NO;
				SWIFT_VERSION = 5.0;
				TEST_TARGET_NAME = "deer-mouse";
			};
			name = Release;
		};
/* End XCBuildConfiguration section */

/* Begin XCConfigurationList section */
		A5E6CF282DBBF79B00CCA3A8 /* Build configuration list for PBXProject "deer-mouse" */ = {
			isa = XCConfigurationList;
			buildConfigurations = (
				A5E6CF4D2DBBF79C00CCA3A8 /* Debug */,
				A5E6CF4E2DBBF79C00CCA3A8 /* Release */,
			);
			defaultConfigurationIsVisible = 0;
			defaultConfigurationName = Release;
		};
		A5E6CF4F2DBBF79C00CCA3A8 /* Build configuration list for PBXNativeTarget "deer-mouse" */ = {
			isa = XCConfigurationList;
			buildConfigurations = (
				A5E6CF502DBBF79C00CCA3A8 /* Debug */,
				A5E6CF512DBBF79C00CCA3A8 /* Release */,
			);
			defaultConfigurationIsVisible = 0;
			defaultConfigurationName = Release;
		};
		A5E6CF522DBBF79C00CCA3A8 /* Build configuration list for PBXNativeTarget "deer-mouseTests" */ = {
			isa = XCConfigurationList;
			buildConfigurations = (
				A5E6CF532DBBF79C00CCA3A8 /* Debug */,
				A5E6CF542DBBF79C00CCA3A8 /* Release */,
			);
			defaultConfigurationIsVisible = 0;
			defaultConfigurationName = Release;
		};
		A5E6CF552DBBF79C00CCA3A8 /* Build configuration list for PBXNativeTarget "deer-mouseUITests" */ = {
			isa = XCConfigurationList;
			buildConfigurations = (
				A5E6CF562DBBF79C00CCA3A8 /* Debug */,
				A5E6CF572DBBF79C00CCA3A8 /* Release */,
			);
			defaultConfigurationIsVisible = 0;
			defaultConfigurationName = Release;
		};
/* End XCConfigurationList section */
	};
	rootObject = A5E6CF252DBBF79B00CCA3A8 /* Project object */;
}
